{
  "name": "my-project",
  "version": "1.0.0",
  "lockfileVersion": 3,
  "requires": true,
  "packages": {
    "": {
      "name": "my-project",
      "version": "1.0.0",
      "license": "ISC",
      "dependencies": {
        "my-package-math": "^1.0.2"
      }
    },
    "node_modules/my-package-math": {
      "version": "1.1.0",
      "resolved": "https://registry.npmjs.org/my-package-math/-/my-package-math-1.1.0.tgz",
      "integrity": "sha512-V0UDFURq6rrNP4OmurGJbNxOiuTRU4HyKtc2bdBuoqQGhiLc2HmU3bXA4WM13FkRe63tdc0eA+PaiiEzK6s4ag=="
    }
  }
}
