{
  "name": "my-project",
  "version": "1.0.0",
  "lockfileVersion": 3,
  "requires": true,
  "packages": {
    "": {
      "name": "my-project",
      "version": "1.0.0",
      "license": "ISC",
      "dependencies": {
        "my-package-math": "file:../my-package-math"
      }
    },
    "../my-package-math": {
      "version": "1.0.0",
      "license": "ISC"
    },
    "node_modules/my-package-math": {
      "resolved": "../my-package-math",
      "link": true
    }
  }
}
