{
  "name": "my-project",
  "version": "1.0.0",
  "lockfileVersion": 3,
  "requires": true,
  "packages": {
    "": {
      "name": "my-project",
      "version": "1.0.0",
      "license": "ISC",
      "dependencies": {
        "my-package-math": "^1.0.2"
      }
    },
    "node_modules/my-package-math": {
      "version": "1.0.2",
      "resolved": "https://registry.npmjs.org/my-package-math/-/my-package-math-1.0.2.tgz",
      "integrity": "sha512-poWJtNorrU2ks/GwNlV5GY31IYVw5DkIMeDZ/gwMm96/KyCKZXXYsksOmIDNyKELgDvPkdIIulIOo1Mr888USA=="
    }
  }
}
